// !$*UTF8*$!
{
	archiveVersion = 1;
	classes = {
	};
	objectVersion = 46;
	objects = {

/* Begin PBXBuildFile section */
		0C2BF9CB4FA94D10912A05CD /* libPods.a in Frameworks */ = {isa = PBXBuildFile; fileRef = C4B043F27B7246909AB5F8BA /* libPods.a */; };
		7A62838B18C4DDE6009A17AC /* HeaderView.m in Sources */ = {isa = PBXBuildFile; fileRef = 7A62838A18C4DDE6009A17AC /* HeaderView.m */; };
		7A62838F18C4DE93009A17AC /* BeerList.m in Sources */ = {isa = PBXBuildFile; fileRef = 7A62838E18C4DE93009A17AC /* BeerList.m */; };
		7A62839218C4E33C009A17AC /* DataSource.m in Sources */ = {isa = PBXBuildFile; fileRef = 7A62839118C4E33C009A17AC /* DataSource.m */; };
		7A9ACFCC18C94F57002345FF /* GPStateMachine.m in Sources */ = {isa = PBXBuildFile; fileRef = 7A9ACFBE18C94F57002345FF /* GPStateMachine.m */; };
		7A9ACFCE18C94F57002345FF /* TKEvent.m in Sources */ = {isa = PBXBuildFile; fileRef = 7A9ACFC118C94F57002345FF /* TKEvent.m */; };
		7A9ACFD018C94F57002345FF /* TKState.m in Sources */ = {isa = PBXBuildFile; fileRef = 7A9ACFC418C94F57002345FF /* TKState.m */; };
		7A9ACFD118C94F57002345FF /* TKStateMachine.m in Sources */ = {isa = PBXBuildFile; fileRef = 7A9ACFC618C94F57002345FF /* TKStateMachine.m */; };
		7A9ACFD418C94F57002345FF /* TKTransition.m in Sources */ = {isa = PBXBuildFile; fileRef = 7A9ACFCA18C94F57002345FF /* TKTransition.m */; };
		7A9ACFD918C955CB002345FF /* NSDictionary+fetchPropertyValues.m in Sources */ = {isa = PBXBuildFile; fileRef = 7A9ACFD818C955CB002345FF /* NSDictionary+fetchPropertyValues.m */; };
		7AF546E218C9573D00050335 /* Model.m in Sources */ = {isa = PBXBuildFile; fileRef = 7AF546E118C9573D00050335 /* Model.m */; };
		7AF546E618C957D600050335 /* DataSourceStateMachine.m in Sources */ = {isa = PBXBuildFile; fileRef = 7AF546E518C957D600050335 /* DataSourceStateMachine.m */; };
		7AF546EB18C96C6000050335 /* BeerCard.m in Sources */ = {isa = PBXBuildFile; fileRef = 7AF546EA18C96C6000050335 /* BeerCard.m */; };
		AA0E57A518BF6B7900AC48D4 /* Rogue-Logo.png in Resources */ = {isa = PBXBuildFile; fileRef = AA0E57A418BF6B7900AC48D4 /* Rogue-Logo.png */; };
		AA0E57A818BF6C0D00AC48D4 /* Chocolate-Stout.png in Resources */ = {isa = PBXBuildFile; fileRef = AA0E57A618BF6C0D00AC48D4 /* Chocolate-Stout.png */; };
		AA0E57A918BF6C0D00AC48D4 /* Double-Dead-Guy.png in Resources */ = {isa = PBXBuildFile; fileRef = AA0E57A718BF6C0D00AC48D4 /* Double-Dead-Guy.png */; };
		AA33CF5718BF647000D7451D /* Foundation.framework in Frameworks */ = {isa = PBXBuildFile; fileRef = AA33CF5618BF647000D7451D /* Foundation.framework */; };
		AA33CF5918BF647000D7451D /* CoreGraphics.framework in Frameworks */ = {isa = PBXBuildFile; fileRef = AA33CF5818BF647000D7451D /* CoreGraphics.framework */; };
		AA33CF5B18BF647000D7451D /* UIKit.framework in Frameworks */ = {isa = PBXBuildFile; fileRef = AA33CF5A18BF647000D7451D /* UIKit.framework */; };
		AA33CF6118BF647000D7451D /* InfoPlist.strings in Resources */ = {isa = PBXBuildFile; fileRef = AA33CF5F18BF647000D7451D /* InfoPlist.strings */; };
		AA33CF6318BF647000D7451D /* main.m in Sources */ = {isa = PBXBuildFile; fileRef = AA33CF6218BF647000D7451D /* main.m */; };
		AA33CF6718BF647000D7451D /* AppDelegate.m in Sources */ = {isa = PBXBuildFile; fileRef = AA33CF6618BF647000D7451D /* AppDelegate.m */; };
		AA33CF6A18BF647000D7451D /* Main.storyboard in Resources */ = {isa = PBXBuildFile; fileRef = AA33CF6818BF647000D7451D /* Main.storyboard */; };
		AA33CF6D18BF647000D7451D /* SingleFileController.m in Sources */ = {isa = PBXBuildFile; fileRef = AA33CF6C18BF647000D7451D /* SingleFileController.m */; };
		AA33CF7018BF647000D7451D /* Controller.m in Sources */ = {isa = PBXBuildFile; fileRef = AA33CF6F18BF647000D7451D /* Controller.m */; };
		AA33CF7218BF647000D7451D /* Images.xcassets in Resources */ = {isa = PBXBuildFile; fileRef = AA33CF7118BF647000D7451D /* Images.xcassets */; };
		AA33CF7918BF647000D7451D /* XCTest.framework in Frameworks */ = {isa = PBXBuildFile; fileRef = AA33CF7818BF647000D7451D /* XCTest.framework */; };
		AA33CF7A18BF647000D7451D /* Foundation.framework in Frameworks */ = {isa = PBXBuildFile; fileRef = AA33CF5618BF647000D7451D /* Foundation.framework */; };
		AA33CF7B18BF647000D7451D /* UIKit.framework in Frameworks */ = {isa = PBXBuildFile; fileRef = AA33CF5A18BF647000D7451D /* UIKit.framework */; };
		AA33CF8318BF647000D7451D /* InfoPlist.strings in Resources */ = {isa = PBXBuildFile; fileRef = AA33CF8118BF647000D7451D /* InfoPlist.strings */; };
		AA33CF8518BF647000D7451D /* MVCTests.m in Sources */ = {isa = PBXBuildFile; fileRef = AA33CF8418BF647000D7451D /* MVCTests.m */; };
/* End PBXBuildFile section */

/* Begin PBXContainerItemProxy section */
		AA33CF7C18BF647000D7451D /* PBXContainerItemProxy */ = {
			isa = PBXContainerItemProxy;
			containerPortal = AA33CF4B18BF647000D7451D /* Project object */;
			proxyType = 1;
			remoteGlobalIDString = AA33CF5218BF647000D7451D;
			remoteInfo = MVC;
		};
/* End PBXContainerItemProxy section */

/* Begin PBXFileReference section */
		7A62838918C4DDE6009A17AC /* HeaderView.h */ = {isa = PBXFileReference; fileEncoding = 4; lastKnownFileType = sourcecode.c.h; name = HeaderView.h; path = Classes/HeaderView.h; sourceTree = "<group>"; };
		7A62838A18C4DDE6009A17AC /* HeaderView.m */ = {isa = PBXFileReference; fileEncoding = 4; lastKnownFileType = sourcecode.c.objc; name = HeaderView.m; path = Classes/HeaderView.m; sourceTree = "<group>"; };
		7A62838D18C4DE93009A17AC /* BeerList.h */ = {isa = PBXFileReference; fileEncoding = 4; lastKnownFileType = sourcecode.c.h; name = BeerList.h; path = Classes/BeerList.h; sourceTree = "<group>"; };
		7A62838E18C4DE93009A17AC /* BeerList.m */ = {isa = PBXFileReference; fileEncoding = 4; lastKnownFileType = sourcecode.c.objc; name = BeerList.m; path = Classes/BeerList.m; sourceTree = "<group>"; };
		7A62839018C4E33C009A17AC /* DataSource.h */ = {isa = PBXFileReference; fileEncoding = 4; lastKnownFileType = sourcecode.c.h; name = DataSource.h; path = Classes/DataSource.h; sourceTree = "<group>"; };
		7A62839118C4E33C009A17AC /* DataSource.m */ = {isa = PBXFileReference; fileEncoding = 4; lastKnownFileType = sourcecode.c.objc; name = DataSource.m; path = Classes/DataSource.m; sourceTree = "<group>"; };
		7A9ACFBB18C94F57002345FF /* TKStateMachine+Subclasses.h */ = {isa = PBXFileReference; fileEncoding = 4; lastKnownFileType = sourcecode.c.h; name = "TKStateMachine+Subclasses.h"; path = "../TKStateMachine+Subclasses.h"; sourceTree = "<group>"; };
		7A9ACFBD18C94F57002345FF /* GPStateMachine.h */ = {isa = PBXFileReference; fileEncoding = 4; lastKnownFileType = sourcecode.c.h; path = GPStateMachine.h; sourceTree = "<group>"; };
		7A9ACFBE18C94F57002345FF /* GPStateMachine.m */ = {isa = PBXFileReference; fileEncoding = 4; lastKnownFileType = sourcecode.c.objc; path = GPStateMachine.m; sourceTree = "<group>"; };
		7A9ACFC018C94F57002345FF /* TKEvent.h */ = {isa = PBXFileReference; fileEncoding = 4; lastKnownFileType = sourcecode.c.h; path = TKEvent.h; sourceTree = "<group>"; };
		7A9ACFC118C94F57002345FF /* TKEvent.m */ = {isa = PBXFileReference; fileEncoding = 4; lastKnownFileType = sourcecode.c.objc; path = TKEvent.m; sourceTree = "<group>"; };
		7A9ACFC318C94F57002345FF /* TKState.h */ = {isa = PBXFileReference; fileEncoding = 4; lastKnownFileType = sourcecode.c.h; path = TKState.h; sourceTree = "<group>"; };
		7A9ACFC418C94F57002345FF /* TKState.m */ = {isa = PBXFileReference; fileEncoding = 4; lastKnownFileType = sourcecode.c.objc; path = TKState.m; sourceTree = "<group>"; };
		7A9ACFC518C94F57002345FF /* TKStateMachine.h */ = {isa = PBXFileReference; fileEncoding = 4; lastKnownFileType = sourcecode.c.h; path = TKStateMachine.h; sourceTree = "<group>"; };
		7A9ACFC618C94F57002345FF /* TKStateMachine.m */ = {isa = PBXFileReference; fileEncoding = 4; lastKnownFileType = sourcecode.c.objc; path = TKStateMachine.m; sourceTree = "<group>"; };
		7A9ACFC918C94F57002345FF /* TKTransition.h */ = {isa = PBXFileReference; fileEncoding = 4; lastKnownFileType = sourcecode.c.h; path = TKTransition.h; sourceTree = "<group>"; };
		7A9ACFCA18C94F57002345FF /* TKTransition.m */ = {isa = PBXFileReference; fileEncoding = 4; lastKnownFileType = sourcecode.c.objc; path = TKTransition.m; sourceTree = "<group>"; };
		7A9ACFCB18C94F57002345FF /* TransitionKit.h */ = {isa = PBXFileReference; fileEncoding = 4; lastKnownFileType = sourcecode.c.h; path = TransitionKit.h; sourceTree = "<group>"; };
		7A9ACFD718C955CB002345FF /* NSDictionary+fetchPropertyValues.h */ = {isa = PBXFileReference; fileEncoding = 4; lastKnownFileType = sourcecode.c.h; path = "NSDictionary+fetchPropertyValues.h"; sourceTree = "<group>"; };
		7A9ACFD818C955CB002345FF /* NSDictionary+fetchPropertyValues.m */ = {isa = PBXFileReference; fileEncoding = 4; lastKnownFileType = sourcecode.c.objc; path = "NSDictionary+fetchPropertyValues.m"; sourceTree = "<group>"; };
		7AF546E018C9573D00050335 /* Model.h */ = {isa = PBXFileReference; fileEncoding = 4; lastKnownFileType = sourcecode.c.h; name = Model.h; path = Classes/Model.h; sourceTree = "<group>"; };
		7AF546E118C9573D00050335 /* Model.m */ = {isa = PBXFileReference; fileEncoding = 4; lastKnownFileType = sourcecode.c.objc; name = Model.m; path = Classes/Model.m; sourceTree = "<group>"; };
		7AF546E418C957D600050335 /* DataSourceStateMachine.h */ = {isa = PBXFileReference; fileEncoding = 4; lastKnownFileType = sourcecode.c.h; name = DataSourceStateMachine.h; path = Classes/DataSourceStateMachine.h; sourceTree = "<group>"; };
		7AF546E518C957D600050335 /* DataSourceStateMachine.m */ = {isa = PBXFileReference; fileEncoding = 4; lastKnownFileType = sourcecode.c.objc; name = DataSourceStateMachine.m; path = Classes/DataSourceStateMachine.m; sourceTree = "<group>"; };
		7AF546E918C96C6000050335 /* BeerCard.h */ = {isa = PBXFileReference; fileEncoding = 4; lastKnownFileType = sourcecode.c.h; name = BeerCard.h; path = Classes/BeerCard.h; sourceTree = "<group>"; };
		7AF546EA18C96C6000050335 /* BeerCard.m */ = {isa = PBXFileReference; fileEncoding = 4; lastKnownFileType = sourcecode.c.objc; name = BeerCard.m; path = Classes/BeerCard.m; sourceTree = "<group>"; };
		AA0E57A418BF6B7900AC48D4 /* Rogue-Logo.png */ = {isa = PBXFileReference; lastKnownFileType = image.png; path = "Rogue-Logo.png"; sourceTree = "<group>"; };
		AA0E57A618BF6C0D00AC48D4 /* Chocolate-Stout.png */ = {isa = PBXFileReference; lastKnownFileType = image.png; path = "Chocolate-Stout.png"; sourceTree = "<group>"; };
		AA0E57A718BF6C0D00AC48D4 /* Double-Dead-Guy.png */ = {isa = PBXFileReference; lastKnownFileType = image.png; path = "Double-Dead-Guy.png"; sourceTree = "<group>"; };
		AA33CF5318BF647000D7451D /* MVC.app */ = {isa = PBXFileReference; explicitFileType = wrapper.application; includeInIndex = 0; path = MVC.app; sourceTree = BUILT_PRODUCTS_DIR; };
		AA33CF5618BF647000D7451D /* Foundation.framework */ = {isa = PBXFileReference; lastKnownFileType = wrapper.framework; name = Foundation.framework; path = System/Library/Frameworks/Foundation.framework; sourceTree = SDKROOT; };
		AA33CF5818BF647000D7451D /* CoreGraphics.framework */ = {isa = PBXFileReference; lastKnownFileType = wrapper.framework; name = CoreGraphics.framework; path = System/Library/Frameworks/CoreGraphics.framework; sourceTree = SDKROOT; };
		AA33CF5A18BF647000D7451D /* UIKit.framework */ = {isa = PBXFileReference; lastKnownFileType = wrapper.framework; name = UIKit.framework; path = System/Library/Frameworks/UIKit.framework; sourceTree = SDKROOT; };
		AA33CF5E18BF647000D7451D /* MVC-Info.plist */ = {isa = PBXFileReference; lastKnownFileType = text.plist.xml; path = "MVC-Info.plist"; sourceTree = "<group>"; };
		AA33CF6018BF647000D7451D /* en */ = {isa = PBXFileReference; lastKnownFileType = text.plist.strings; name = en; path = en.lproj/InfoPlist.strings; sourceTree = "<group>"; };
		AA33CF6218BF647000D7451D /* main.m */ = {isa = PBXFileReference; lastKnownFileType = sourcecode.c.objc; path = main.m; sourceTree = "<group>"; };
		AA33CF6418BF647000D7451D /* MVC-Prefix.pch */ = {isa = PBXFileReference; lastKnownFileType = sourcecode.c.h; path = "MVC-Prefix.pch"; sourceTree = "<group>"; };
		AA33CF6518BF647000D7451D /* AppDelegate.h */ = {isa = PBXFileReference; lastKnownFileType = sourcecode.c.h; path = AppDelegate.h; sourceTree = "<group>"; };
		AA33CF6618BF647000D7451D /* AppDelegate.m */ = {isa = PBXFileReference; lastKnownFileType = sourcecode.c.objc; path = AppDelegate.m; sourceTree = "<group>"; };
		AA33CF6918BF647000D7451D /* Base */ = {isa = PBXFileReference; lastKnownFileType = file.storyboard; name = Base; path = Base.lproj/Main.storyboard; sourceTree = "<group>"; };
		AA33CF6B18BF647000D7451D /* SingleFileController.h */ = {isa = PBXFileReference; lastKnownFileType = sourcecode.c.h; path = SingleFileController.h; sourceTree = "<group>"; };
		AA33CF6C18BF647000D7451D /* SingleFileController.m */ = {isa = PBXFileReference; lastKnownFileType = sourcecode.c.objc; path = SingleFileController.m; sourceTree = "<group>"; };
		AA33CF6E18BF647000D7451D /* Controller.h */ = {isa = PBXFileReference; lastKnownFileType = sourcecode.c.h; path = Controller.h; sourceTree = "<group>"; };
		AA33CF6F18BF647000D7451D /* Controller.m */ = {isa = PBXFileReference; lastKnownFileType = sourcecode.c.objc; path = Controller.m; sourceTree = "<group>"; };
		AA33CF7118BF647000D7451D /* Images.xcassets */ = {isa = PBXFileReference; lastKnownFileType = folder.assetcatalog; path = Images.xcassets; sourceTree = "<group>"; };
		AA33CF7718BF647000D7451D /* MVCTests.xctest */ = {isa = PBXFileReference; explicitFileType = wrapper.cfbundle; includeInIndex = 0; path = MVCTests.xctest; sourceTree = BUILT_PRODUCTS_DIR; };
		AA33CF7818BF647000D7451D /* XCTest.framework */ = {isa = PBXFileReference; lastKnownFileType = wrapper.framework; name = XCTest.framework; path = Library/Frameworks/XCTest.framework; sourceTree = DEVELOPER_DIR; };
		AA33CF8018BF647000D7451D /* MVCTests-Info.plist */ = {isa = PBXFileReference; lastKnownFileType = text.plist.xml; path = "MVCTests-Info.plist"; sourceTree = "<group>"; };
		AA33CF8218BF647000D7451D /* en */ = {isa = PBXFileReference; lastKnownFileType = text.plist.strings; name = en; path = en.lproj/InfoPlist.strings; sourceTree = "<group>"; };
		AA33CF8418BF647000D7451D /* MVCTests.m */ = {isa = PBXFileReference; lastKnownFileType = sourcecode.c.objc; path = MVCTests.m; sourceTree = "<group>"; };
		C48B4F8B70C24FA0A570D31D /* Pods.xcconfig */ = {isa = PBXFileReference; includeInIndex = 1; lastKnownFileType = text.xcconfig; name = Pods.xcconfig; path = Pods/Pods.xcconfig; sourceTree = "<group>"; };
		C4B043F27B7246909AB5F8BA /* libPods.a */ = {isa = PBXFileReference; explicitFileType = archive.ar; includeInIndex = 0; path = libPods.a; sourceTree = BUILT_PRODUCTS_DIR; };
/* End PBXFileReference section */

/* Begin PBXFrameworksBuildPhase section */
		AA33CF5018BF647000D7451D /* Frameworks */ = {
			isa = PBXFrameworksBuildPhase;
			buildActionMask = 2147483647;
			files = (
				AA33CF5918BF647000D7451D /* CoreGraphics.framework in Frameworks */,
				AA33CF5B18BF647000D7451D /* UIKit.framework in Frameworks */,
				AA33CF5718BF647000D7451D /* Foundation.framework in Frameworks */,
				0C2BF9CB4FA94D10912A05CD /* libPods.a in Frameworks */,
			);
			runOnlyForDeploymentPostprocessing = 0;
		};
		AA33CF7418BF647000D7451D /* Frameworks */ = {
			isa = PBXFrameworksBuildPhase;
			buildActionMask = 2147483647;
			files = (
				AA33CF7918BF647000D7451D /* XCTest.framework in Frameworks */,
				AA33CF7B18BF647000D7451D /* UIKit.framework in Frameworks */,
				AA33CF7A18BF647000D7451D /* Foundation.framework in Frameworks */,
			);
			runOnlyForDeploymentPostprocessing = 0;
		};
/* End PBXFrameworksBuildPhase section */

/* Begin PBXGroup section */
		7A62838C18C4DDF1009A17AC /* View */ = {
			isa = PBXGroup;
			children = (
				7A62838918C4DDE6009A17AC /* HeaderView.h */,
				7A62838A18C4DDE6009A17AC /* HeaderView.m */,
				7A62838D18C4DE93009A17AC /* BeerList.h */,
				7A62838E18C4DE93009A17AC /* BeerList.m */,
				7AF546E918C96C6000050335 /* BeerCard.h */,
				7AF546EA18C96C6000050335 /* BeerCard.m */,
			);
			name = View;
			sourceTree = "<group>";
		};
		7A62839318C4E34F009A17AC /* Data Source */ = {
			isa = PBXGroup;
			children = (
				7A62839018C4E33C009A17AC /* DataSource.h */,
				7A62839118C4E33C009A17AC /* DataSource.m */,
				7AF546E418C957D600050335 /* DataSourceStateMachine.h */,
				7AF546E518C957D600050335 /* DataSourceStateMachine.m */,
			);
			name = "Data Source";
			sourceTree = "<group>";
		};
		7A6F7DAD18C956AA008D570D /* Thirdparty */ = {
			isa = PBXGroup;
			children = (
				7A9ACFBC18C94F57002345FF /* TransitionKit */,
			);
			name = Thirdparty;
			path = MVC;
			sourceTree = "<group>";
		};
		7A9ACFBC18C94F57002345FF /* TransitionKit */ = {
			isa = PBXGroup;
			children = (
				7A9ACFBD18C94F57002345FF /* GPStateMachine.h */,
				7A9ACFBE18C94F57002345FF /* GPStateMachine.m */,
				7A9ACFBB18C94F57002345FF /* TKStateMachine+Subclasses.h */,
				7A9ACFC018C94F57002345FF /* TKEvent.h */,
				7A9ACFC118C94F57002345FF /* TKEvent.m */,
				7A9ACFC318C94F57002345FF /* TKState.h */,
				7A9ACFC418C94F57002345FF /* TKState.m */,
				7A9ACFC518C94F57002345FF /* TKStateMachine.h */,
				7A9ACFC618C94F57002345FF /* TKStateMachine.m */,
				7A9ACFC918C94F57002345FF /* TKTransition.h */,
				7A9ACFCA18C94F57002345FF /* TKTransition.m */,
				7A9ACFCB18C94F57002345FF /* TransitionKit.h */,
				7A9ACFD718C955CB002345FF /* NSDictionary+fetchPropertyValues.h */,
				7A9ACFD818C955CB002345FF /* NSDictionary+fetchPropertyValues.m */,
			);
			path = TransitionKit;
			sourceTree = "<group>";
		};
		7AF546E318C9574100050335 /* Model */ = {
			isa = PBXGroup;
			children = (
				7AF546E018C9573D00050335 /* Model.h */,
				7AF546E118C9573D00050335 /* Model.m */,
				7A62839318C4E34F009A17AC /* Data Source */,
			);
			name = Model;
			sourceTree = "<group>";
		};
		AA33CF4A18BF647000D7451D = {
			isa = PBXGroup;
			children = (
				AA33CF5C18BF647000D7451D /* App */,
				7A6F7DAD18C956AA008D570D /* Thirdparty */,
				AA33CF7E18BF647000D7451D /* MVCTests */,
				AA33CF5518BF647000D7451D /* Frameworks */,
				AA33CF5418BF647000D7451D /* Products */,
				C48B4F8B70C24FA0A570D31D /* Pods.xcconfig */,
			);
			sourceTree = "<group>";
		};
		AA33CF5418BF647000D7451D /* Products */ = {
			isa = PBXGroup;
			children = (
				AA33CF5318BF647000D7451D /* MVC.app */,
				AA33CF7718BF647000D7451D /* MVCTests.xctest */,
			);
			name = Products;
			sourceTree = "<group>";
		};
		AA33CF5518BF647000D7451D /* Frameworks */ = {
			isa = PBXGroup;
			children = (
				AA33CF5618BF647000D7451D /* Foundation.framework */,
				AA33CF5818BF647000D7451D /* CoreGraphics.framework */,
				AA33CF5A18BF647000D7451D /* UIKit.framework */,
				AA33CF7818BF647000D7451D /* XCTest.framework */,
				C4B043F27B7246909AB5F8BA /* libPods.a */,
			);
			name = Frameworks;
			sourceTree = "<group>";
		};
		AA33CF5C18BF647000D7451D /* App */ = {
			isa = PBXGroup;
			children = (
				AA33CF9018BF651500D7451D /* App */,
				AA33CF8E18BF649200D7451D /* Single File Example */,
				AA33CF8F18BF649D00D7451D /* MVC Example */,
			);
			name = App;
			path = MVC;
			sourceTree = "<group>";
		};
		AA33CF5D18BF647000D7451D /* Supporting Files */ = {
			isa = PBXGroup;
			children = (
				AA33CF5E18BF647000D7451D /* MVC-Info.plist */,
				AA33CF5F18BF647000D7451D /* InfoPlist.strings */,
				AA33CF6218BF647000D7451D /* main.m */,
				AA33CF6418BF647000D7451D /* MVC-Prefix.pch */,
			);
			name = "Supporting Files";
			sourceTree = "<group>";
		};
		AA33CF7E18BF647000D7451D /* MVCTests */ = {
			isa = PBXGroup;
			children = (
				AA33CF8418BF647000D7451D /* MVCTests.m */,
				AA33CF7F18BF647000D7451D /* Supporting Files */,
			);
			path = MVCTests;
			sourceTree = "<group>";
		};
		AA33CF7F18BF647000D7451D /* Supporting Files */ = {
			isa = PBXGroup;
			children = (
				AA33CF8018BF647000D7451D /* MVCTests-Info.plist */,
				AA33CF8118BF647000D7451D /* InfoPlist.strings */,
			);
			name = "Supporting Files";
			sourceTree = "<group>";
		};
		AA33CF8E18BF649200D7451D /* Single File Example */ = {
			isa = PBXGroup;
			children = (
				AA33CF6B18BF647000D7451D /* SingleFileController.h */,
				AA33CF6C18BF647000D7451D /* SingleFileController.m */,
			);
			name = "Single File Example";
			sourceTree = "<group>";
		};
		AA33CF8F18BF649D00D7451D /* MVC Example */ = {
			isa = PBXGroup;
			children = (
				AA33CF6E18BF647000D7451D /* Controller.h */,
				AA33CF6F18BF647000D7451D /* Controller.m */,
				7AF546E318C9574100050335 /* Model */,
				7A62838C18C4DDF1009A17AC /* View */,
			);
			name = "MVC Example";
			sourceTree = "<group>";
		};
		AA33CF9018BF651500D7451D /* App */ = {
			isa = PBXGroup;
			children = (
				AA33CF6518BF647000D7451D /* AppDelegate.h */,
				AA33CF6618BF647000D7451D /* AppDelegate.m */,
				AA33CF6818BF647000D7451D /* Main.storyboard */,
				AA33CF5D18BF647000D7451D /* Supporting Files */,
				AA61DFA818BF706300926654 /* Assets */,
			);
			name = App;
			sourceTree = "<group>";
		};
		AA61DFA818BF706300926654 /* Assets */ = {
			isa = PBXGroup;
			children = (
				AA33CF7118BF647000D7451D /* Images.xcassets */,
				AA0E57A418BF6B7900AC48D4 /* Rogue-Logo.png */,
				AA0E57A618BF6C0D00AC48D4 /* Chocolate-Stout.png */,
				AA0E57A718BF6C0D00AC48D4 /* Double-Dead-Guy.png */,
			);
			name = Assets;
			sourceTree = "<group>";
		};
/* End PBXGroup section */

/* Begin PBXNativeTarget section */
		AA33CF5218BF647000D7451D /* MVC */ = {
			isa = PBXNativeTarget;
			buildConfigurationList = AA33CF8818BF647000D7451D /* Build configuration list for PBXNativeTarget "MVC" */;
			buildPhases = (
				642788B8F50D456EA017C31C /* Check Pods Manifest.lock */,
				AA33CF4F18BF647000D7451D /* Sources */,
				AA33CF5018BF647000D7451D /* Frameworks */,
				AA33CF5118BF647000D7451D /* Resources */,
				64A80ECB714B48F1B0834925 /* Copy Pods Resources */,
			);
			buildRules = (
			);
			dependencies = (
			);
			name = MVC;
			productName = MVC;
			productReference = AA33CF5318BF647000D7451D /* MVC.app */;
			productType = "com.apple.product-type.application";
		};
		AA33CF7618BF647000D7451D /* MVCTests */ = {
			isa = PBXNativeTarget;
			buildConfigurationList = AA33CF8B18BF647000D7451D /* Build configuration list for PBXNativeTarget "MVCTests" */;
			buildPhases = (
				AA33CF7318BF647000D7451D /* Sources */,
				AA33CF7418BF647000D7451D /* Frameworks */,
				AA33CF7518BF647000D7451D /* Resources */,
			);
			buildRules = (
			);
			dependencies = (
				AA33CF7D18BF647000D7451D /* PBXTargetDependency */,
			);
			name = MVCTests;
			productName = MVCTests;
			productReference = AA33CF7718BF647000D7451D /* MVCTests.xctest */;
			productType = "com.apple.product-type.bundle.unit-test";
		};
/* End PBXNativeTarget section */

/* Begin PBXProject section */
		AA33CF4B18BF647000D7451D /* Project object */ = {
			isa = PBXProject;
			attributes = {
				LastUpgradeCheck = 0500;
				ORGANIZATIONNAME = "Shaheen Ghiassy";
				TargetAttributes = {
					AA33CF7618BF647000D7451D = {
						TestTargetID = AA33CF5218BF647000D7451D;
					};
				};
			};
			buildConfigurationList = AA33CF4E18BF647000D7451D /* Build configuration list for PBXProject "MVC" */;
			compatibilityVersion = "Xcode 3.2";
			developmentRegion = English;
			hasScannedForEncodings = 0;
			knownRegions = (
				en,
				Base,
			);
			mainGroup = AA33CF4A18BF647000D7451D;
			productRefGroup = AA33CF5418BF647000D7451D /* Products */;
			projectDirPath = "";
			projectRoot = "";
			targets = (
				AA33CF5218BF647000D7451D /* MVC */,
				AA33CF7618BF647000D7451D /* MVCTests */,
			);
		};
/* End PBXProject section */

/* Begin PBXResourcesBuildPhase section */
		AA33CF5118BF647000D7451D /* Resources */ = {
			isa = PBXResourcesBuildPhase;
			buildActionMask = 2147483647;
			files = (
				AA0E57A818BF6C0D00AC48D4 /* Chocolate-Stout.png in Resources */,
				AA33CF7218BF647000D7451D /* Images.xcassets in Resources */,
				AA0E57A918BF6C0D00AC48D4 /* Double-Dead-Guy.png in Resources */,
				AA0E57A518BF6B7900AC48D4 /* Rogue-Logo.png in Resources */,
				AA33CF6118BF647000D7451D /* InfoPlist.strings in Resources */,
				AA33CF6A18BF647000D7451D /* Main.storyboard in Resources */,
			);
			runOnlyForDeploymentPostprocessing = 0;
		};
		AA33CF7518BF647000D7451D /* Resources */ = {
			isa = PBXResourcesBuildPhase;
			buildActionMask = 2147483647;
			files = (
				AA33CF8318BF647000D7451D /* InfoPlist.strings in Resources */,
			);
			runOnlyForDeploymentPostprocessing = 0;
		};
/* End PBXResourcesBuildPhase section */

/* Begin PBXShellScriptBuildPhase section */
		642788B8F50D456EA017C31C /* Check Pods Manifest.lock */ = {
			isa = PBXShellScriptBuildPhase;
			buildActionMask = 2147483647;
			files = (
			);
			inputPaths = (
			);
			name = "Check Pods Manifest.lock";
			outputPaths = (
			);
			runOnlyForDeploymentPostprocessing = 0;
			shellPath = /bin/sh;
			shellScript = "diff \"${PODS_ROOT}/../Podfile.lock\" \"${PODS_ROOT}/Manifest.lock\" > /dev/null\nif [[ $? != 0 ]] ; then\n    cat << EOM\nerror: The sandbox is not in sync with the Podfile.lock. Run 'pod install' or update your CocoaPods installation.\nEOM\n    exit 1\nfi\n";
			showEnvVarsInLog = 0;
		};
		64A80ECB714B48F1B0834925 /* Copy Pods Resources */ = {
			isa = PBXShellScriptBuildPhase;
			buildActionMask = 2147483647;
			files = (
			);
			inputPaths = (
			);
			name = "Copy Pods Resources";
			outputPaths = (
			);
			runOnlyForDeploymentPostprocessing = 0;
			shellPath = /bin/sh;
			shellScript = "\"${SRCROOT}/Pods/Pods-resources.sh\"\n";
			showEnvVarsInLog = 0;
		};
/* End PBXShellScriptBuildPhase section */

/* Begin PBXSourcesBuildPhase section */
		AA33CF4F18BF647000D7451D /* Sources */ = {
			isa = PBXSourcesBuildPhase;
			buildActionMask = 2147483647;
			files = (
				7A9ACFCC18C94F57002345FF /* GPStateMachine.m in Sources */,
				AA33CF7018BF647000D7451D /* Controller.m in Sources */,
				7A9ACFD418C94F57002345FF /* TKTransition.m in Sources */,
				7AF546E618C957D600050335 /* DataSourceStateMachine.m in Sources */,
				7A9ACFD118C94F57002345FF /* TKStateMachine.m in Sources */,
				7A62838F18C4DE93009A17AC /* BeerList.m in Sources */,
				7A9ACFD018C94F57002345FF /* TKState.m in Sources */,
				7A62838B18C4DDE6009A17AC /* HeaderView.m in Sources */,
				AA33CF6718BF647000D7451D /* AppDelegate.m in Sources */,
				7A9ACFCE18C94F57002345FF /* TKEvent.m in Sources */,
				7A9ACFD918C955CB002345FF /* NSDictionary+fetchPropertyValues.m in Sources */,
				7A62839218C4E33C009A17AC /* DataSource.m in Sources */,
				7AF546E218C9573D00050335 /* Model.m in Sources */,
				7AF546EB18C96C6000050335 /* BeerCard.m in Sources */,
				AA33CF6D18BF647000D7451D /* SingleFileController.m in Sources */,
				AA33CF6318BF647000D7451D /* main.m in Sources */,
			);
			runOnlyForDeploymentPostprocessing = 0;
		};
		AA33CF7318BF647000D7451D /* Sources */ = {
			isa = PBXSourcesBuildPhase;
			buildActionMask = 2147483647;
			files = (
				AA33CF8518BF647000D7451D /* MVCTests.m in Sources */,
			);
			runOnlyForDeploymentPostprocessing = 0;
		};
/* End PBXSourcesBuildPhase section */

/* Begin PBXTargetDependency section */
		AA33CF7D18BF647000D7451D /* PBXTargetDependency */ = {
			isa = PBXTargetDependency;
			target = AA33CF5218BF647000D7451D /* MVC */;
			targetProxy = AA33CF7C18BF647000D7451D /* PBXContainerItemProxy */;
		};
/* End PBXTargetDependency section */

/* Begin PBXVariantGroup section */
		AA33CF5F18BF647000D7451D /* InfoPlist.strings */ = {
			isa = PBXVariantGroup;
			children = (
				AA33CF6018BF647000D7451D /* en */,
			);
			name = InfoPlist.strings;
			sourceTree = "<group>";
		};
		AA33CF6818BF647000D7451D /* Main.storyboard */ = {
			isa = PBXVariantGroup;
			children = (
				AA33CF6918BF647000D7451D /* Base */,
			);
			name = Main.storyboard;
			sourceTree = "<group>";
		};
		AA33CF8118BF647000D7451D /* InfoPlist.strings */ = {
			isa = PBXVariantGroup;
			children = (
				AA33CF8218BF647000D7451D /* en */,
			);
			name = InfoPlist.strings;
			sourceTree = "<group>";
		};
/* End PBXVariantGroup section */

/* Begin XCBuildConfiguration section */
		AA33CF8618BF647000D7451D /* Debug */ = {
			isa = XCBuildConfiguration;
			buildSettings = {
				ALWAYS_SEARCH_USER_PATHS = NO;
				ARCHS = "$(ARCHS_STANDARD_INCLUDING_64_BIT)";
				CLANG_CXX_LANGUAGE_STANDARD = "gnu++0x";
				CLANG_CXX_LIBRARY = "libc++";
				CLANG_ENABLE_MODULES = YES;
				CLANG_ENABLE_OBJC_ARC = YES;
				CLANG_WARN_BOOL_CONVERSION = YES;
				CLANG_WARN_CONSTANT_CONVERSION = YES;
				CLANG_WARN_DIRECT_OBJC_ISA_USAGE = YES_ERROR;
				CLANG_WARN_EMPTY_BODY = YES;
				CLANG_WARN_ENUM_CONVERSION = YES;
				CLANG_WARN_INT_CONVERSION = YES;
				CLANG_WARN_OBJC_ROOT_CLASS = YES_ERROR;
				CLANG_WARN__DUPLICATE_METHOD_MATCH = YES;
				"CODE_SIGN_IDENTITY[sdk=iphoneos*]" = "iPhone Developer";
				COPY_PHASE_STRIP = NO;
				GCC_C_LANGUAGE_STANDARD = gnu99;
				GCC_DYNAMIC_NO_PIC = NO;
				GCC_OPTIMIZATION_LEVEL = 0;
				GCC_PREPROCESSOR_DEFINITIONS = (
					"DEBUG=1",
					"$(inherited)",
				);
				GCC_SYMBOLS_PRIVATE_EXTERN = NO;
				GCC_WARN_64_TO_32_BIT_CONVERSION = YES;
				GCC_WARN_ABOUT_RETURN_TYPE = YES_ERROR;
				GCC_WARN_UNDECLARED_SELECTOR = YES;
				GCC_WARN_UNINITIALIZED_AUTOS = YES;
				GCC_WARN_UNUSED_FUNCTION = YES;
				GCC_WARN_UNUSED_VARIABLE = YES;
				IPHONEOS_DEPLOYMENT_TARGET = 7.0;
				ONLY_ACTIVE_ARCH = YES;
				SDKROOT = iphoneos;
			};
			name = Debug;
		};
		AA33CF8718BF647000D7451D /* Release */ = {
			isa = XCBuildConfiguration;
			buildSettings = {
				ALWAYS_SEARCH_USER_PATHS = NO;
				ARCHS = "$(ARCHS_STANDARD_INCLUDING_64_BIT)";
				CLANG_CXX_LANGUAGE_STANDARD = "gnu++0x";
				CLANG_CXX_LIBRARY = "libc++";
				CLANG_ENABLE_MODULES = YES;
				CLANG_ENABLE_OBJC_ARC = YES;
				CLANG_WARN_BOOL_CONVERSION = YES;
				CLANG_WARN_CONSTANT_CONVERSION = YES;
				CLANG_WARN_DIRECT_OBJC_ISA_USAGE = YES_ERROR;
				CLANG_WARN_EMPTY_BODY = YES;
				CLANG_WARN_ENUM_CONVERSION = YES;
				CLANG_WARN_INT_CONVERSION = YES;
				CLANG_WARN_OBJC_ROOT_CLASS = YES_ERROR;
				CLANG_WARN__DUPLICATE_METHOD_MATCH = YES;
				"CODE_SIGN_IDENTITY[sdk=iphoneos*]" = "iPhone Developer";
				COPY_PHASE_STRIP = YES;
				ENABLE_NS_ASSERTIONS = NO;
				GCC_C_LANGUAGE_STANDARD = gnu99;
				GCC_WARN_64_TO_32_BIT_CONVERSION = YES;
				GCC_WARN_ABOUT_RETURN_TYPE = YES_ERROR;
				GCC_WARN_UNDECLARED_SELECTOR = YES;
				GCC_WARN_UNINITIALIZED_AUTOS = YES;
				GCC_WARN_UNUSED_FUNCTION = YES;
				GCC_WARN_UNUSED_VARIABLE = YES;
				IPHONEOS_DEPLOYMENT_TARGET = 7.0;
				SDKROOT = iphoneos;
				VALIDATE_PRODUCT = YES;
			};
			name = Release;
		};
		AA33CF8918BF647000D7451D /* Debug */ = {
			isa = XCBuildConfiguration;
			baseConfigurationReference = C48B4F8B70C24FA0A570D31D /* Pods.xcconfig */;
			buildSettings = {
				ASSETCATALOG_COMPILER_APPICON_NAME = AppIcon;
				ASSETCATALOG_COMPILER_LAUNCHIMAGE_NAME = LaunchImage;
				GCC_PRECOMPILE_PREFIX_HEADER = YES;
				GCC_PREFIX_HEADER = "MVC/MVC-Prefix.pch";
				INFOPLIST_FILE = "MVC/MVC-Info.plist";
				PRODUCT_NAME = "$(TARGET_NAME)";
				WRAPPER_EXTENSION = app;
			};
			name = Debug;
		};
		AA33CF8A18BF647000D7451D /* Release */ = {
			isa = XCBuildConfiguration;
			baseConfigurationReference = C48B4F8B70C24FA0A570D31D /* Pods.xcconfig */;
			buildSettings = {
				ASSETCATALOG_COMPILER_APPICON_NAME = AppIcon;
				ASSETCATALOG_COMPILER_LAUNCHIMAGE_NAME = LaunchImage;
				GCC_PRECOMPILE_PREFIX_HEADER = YES;
				GCC_PREFIX_HEADER = "MVC/MVC-Prefix.pch";
				INFOPLIST_FILE = "MVC/MVC-Info.plist";
				PRODUCT_NAME = "$(TARGET_NAME)";
				WRAPPER_EXTENSION = app;
			};
			name = Release;
		};
		AA33CF8C18BF647000D7451D /* Debug */ = {
			isa = XCBuildConfiguration;
			buildSettings = {
				ARCHS = "$(ARCHS_STANDARD_INCLUDING_64_BIT)";
				BUNDLE_LOADER = "$(BUILT_PRODUCTS_DIR)/MVC.app/MVC";
				FRAMEWORK_SEARCH_PATHS = (
					"$(SDKROOT)/Developer/Library/Frameworks",
					"$(inherited)",
					"$(DEVELOPER_FRAMEWORKS_DIR)",
				);
				GCC_PRECOMPILE_PREFIX_HEADER = YES;
				GCC_PREFIX_HEADER = "MVC/MVC-Prefix.pch";
				GCC_PREPROCESSOR_DEFINITIONS = (
					"DEBUG=1",
					"$(inherited)",
				);
				INFOPLIST_FILE = "MVCTests/MVCTests-Info.plist";
				PRODUCT_NAME = "$(TARGET_NAME)";
				TEST_HOST = "$(BUNDLE_LOADER)";
				WRAPPER_EXTENSION = xctest;
			};
			name = Debug;
		};
		AA33CF8D18BF647000D7451D /* Release */ = {
			isa = XCBuildConfiguration;
			buildSettings = {
				ARCHS = "$(ARCHS_STANDARD_INCLUDING_64_BIT)";
				BUNDLE_LOADER = "$(BUILT_PRODUCTS_DIR)/MVC.app/MVC";
				FRAMEWORK_SEARCH_PATHS = (
					"$(SDKROOT)/Developer/Library/Frameworks",
					"$(inherited)",
					"$(DEVELOPER_FRAMEWORKS_DIR)",
				);
				GCC_PRECOMPILE_PREFIX_HEADER = YES;
				GCC_PREFIX_HEADER = "MVC/MVC-Prefix.pch";
				INFOPLIST_FILE = "MVCTests/MVCTests-Info.plist";
				PRODUCT_NAME = "$(TARGET_NAME)";
				TEST_HOST = "$(BUNDLE_LOADER)";
				WRAPPER_EXTENSION = xctest;
			};
			name = Release;
		};
/* End XCBuildConfiguration section */

/* Begin XCConfigurationList section */
		AA33CF4E18BF647000D7451D /* Build configuration list for PBXProject "MVC" */ = {
			isa = XCConfigurationList;
			buildConfigurations = (
				AA33CF8618BF647000D7451D /* Debug */,
				AA33CF8718BF647000D7451D /* Release */,
			);
			defaultConfigurationIsVisible = 0;
			defaultConfigurationName = Release;
		};
		AA33CF8818BF647000D7451D /* Build configuration list for PBXNativeTarget "MVC" */ = {
			isa = XCConfigurationList;
			buildConfigurations = (
				AA33CF8918BF647000D7451D /* Debug */,
				AA33CF8A18BF647000D7451D /* Release */,
			);
			defaultConfigurationIsVisible = 0;
			defaultConfigurationName = Release;
		};
		AA33CF8B18BF647000D7451D /* Build configuration list for PBXNativeTarget "MVCTests" */ = {
			isa = XCConfigurationList;
			buildConfigurations = (
				AA33CF8C18BF647000D7451D /* Debug */,
				AA33CF8D18BF647000D7451D /* Release */,
			);
			defaultConfigurationIsVisible = 0;
			defaultConfigurationName = Release;
		};
/* End XCConfigurationList section */
	};
	rootObject = AA33CF4B18BF647000D7451D /* Project object */;
}
